// !$*UTF8*$!
{
	archiveVersion = 1;
	classes = {
	};
	objectVersion = 46;
	objects = {

/* Begin PBXBuildFile section */
		A759BB9214FF734800E75CBB /* UIKit.framework in Frameworks */ = {isa = PBXBuildFile; fileRef = A759BB9114FF734800E75CBB /* UIKit.framework */; };
		A759BB9414FF734800E75CBB /* Foundation.framework in Frameworks */ = {isa = PBXBuildFile; fileRef = A759BB9314FF734800E75CBB /* Foundation.framework */; };
		A759BB9614FF734800E75CBB /* CoreGraphics.framework in Frameworks */ = {isa = PBXBuildFile; fileRef = A759BB9514FF734800E75CBB /* CoreGraphics.framework */; };
		A759BB9C14FF734800E75CBB /* InfoPlist.strings in Resources */ = {isa = PBXBuildFile; fileRef = A759BB9A14FF734800E75CBB /* InfoPlist.strings */; };
		A759BB9E14FF734800E75CBB /* main.m in Sources */ = {isa = PBXBuildFile; fileRef = A759BB9D14FF734800E75CBB /* main.m */; };
		A759BBA214FF734800E75CBB /* TGAppDelegate.m in Sources */ = {isa = PBXBuildFile; fileRef = A759BBA114FF734800E75CBB /* TGAppDelegate.m */; };
		A759BBDA14FF7E8B00E75CBB /* test.html in Resources */ = {isa = PBXBuildFile; fileRef = A759BBD914FF7E8B00E75CBB /* test.html */; };
		A7F21EAB164D411B0069C8D8 /* TGJSBridge.bundle in Resources */ = {isa = PBXBuildFile; fileRef = A7F21EA8164D411B0069C8D8 /* TGJSBridge.bundle */; };
		A7F21EAC164D411B0069C8D8 /* TGJSBridge.m in Sources */ = {isa = PBXBuildFile; fileRef = A7F21EAA164D411B0069C8D8 /* TGJSBridge.m */; };
		A7FF399F15B6E9B3002A5492 /* JSONKit.m in Sources */ = {isa = PBXBuildFile; fileRef = A7FF399E15B6E9B3002A5492 /* JSONKit.m */; };
/* End PBXBuildFile section */

/* Begin PBXFileReference section */
		A759BB8D14FF734800E75CBB /* TGJSBridge.app */ = {isa = PBXFileReference; explicitFileType = wrapper.application; includeInIndex = 0; path = TGJSBridge.app; sourceTree = BUILT_PRODUCTS_DIR; };
		A759BB9114FF734800E75CBB /* UIKit.framework */ = {isa = PBXFileReference; lastKnownFileType = wrapper.framework; name = UIKit.framework; path = System/Library/Frameworks/UIKit.framework; sourceTree = SDKROOT; };
		A759BB9314FF734800E75CBB /* Foundation.framework */ = {isa = PBXFileReference; lastKnownFileType = wrapper.framework; name = Foundation.framework; path = System/Library/Frameworks/Foundation.framework; sourceTree = SDKROOT; };
		A759BB9514FF734800E75CBB /* CoreGraphics.framework */ = {isa = PBXFileReference; lastKnownFileType = wrapper.framework; name = CoreGraphics.framework; path = System/Library/Frameworks/CoreGraphics.framework; sourceTree = SDKROOT; };
		A759BB9914FF734800E75CBB /* TGJSBridge-Info.plist */ = {isa = PBXFileReference; lastKnownFileType = text.plist.xml; path = "TGJSBridge-Info.plist"; sourceTree = "<group>"; };
		A759BB9B14FF734800E75CBB /* en */ = {isa = PBXFileReference; lastKnownFileType = text.plist.strings; name = en; path = en.lproj/InfoPlist.strings; sourceTree = "<group>"; };
		A759BB9D14FF734800E75CBB /* main.m */ = {isa = PBXFileReference; lastKnownFileType = sourcecode.c.objc; path = main.m; sourceTree = "<group>"; };
		A759BB9F14FF734800E75CBB /* TGJSBridge-Prefix.pch */ = {isa = PBXFileReference; lastKnownFileType = sourcecode.c.h; path = "TGJSBridge-Prefix.pch"; sourceTree = "<group>"; };
		A759BBA014FF734800E75CBB /* TGAppDelegate.h */ = {isa = PBXFileReference; lastKnownFileType = sourcecode.c.h; path = TGAppDelegate.h; sourceTree = "<group>"; };
		A759BBA114FF734800E75CBB /* TGAppDelegate.m */ = {isa = PBXFileReference; lastKnownFileType = sourcecode.c.objc; path = TGAppDelegate.m; sourceTree = "<group>"; };
		A759BBD914FF7E8B00E75CBB /* test.html */ = {isa = PBXFileReference; fileEncoding = 4; lastKnownFileType = text.html; path = test.html; sourceTree = "<group>"; };
		A7F21EA8164D411B0069C8D8 /* TGJSBridge.bundle */ = {isa = PBXFileReference; lastKnownFileType = "wrapper.plug-in"; path = TGJSBridge.bundle; sourceTree = "<group>"; };
		A7F21EA9164D411B0069C8D8 /* TGJSBridge.h */ = {isa = PBXFileReference; fileEncoding = 4; lastKnownFileType = sourcecode.c.h; path = TGJSBridge.h; sourceTree = "<group>"; };
		A7F21EAA164D411B0069C8D8 /* TGJSBridge.m */ = {isa = PBXFileReference; fileEncoding = 4; lastKnownFileType = sourcecode.c.objc; path = TGJSBridge.m; sourceTree = "<group>"; };
		A7FF399D15B6E9B3002A5492 /* JSONKit.h */ = {isa = PBXFileReference; fileEncoding = 4; lastKnownFileType = sourcecode.c.h; path = JSONKit.h; sourceTree = "<group>"; };
		A7FF399E15B6E9B3002A5492 /* JSONKit.m */ = {isa = PBXFileReference; fileEncoding = 4; lastKnownFileType = sourcecode.c.objc; path = JSONKit.m; sourceTree = "<group>"; };
/* End PBXFileReference section */

/* Begin PBXFrameworksBuildPhase section */
		A759BB8A14FF734800E75CBB /* Frameworks */ = {
			isa = PBXFrameworksBuildPhase;
			buildActionMask = 2147483647;
			files = (
				A759BB9214FF734800E75CBB /* UIKit.framework in Frameworks */,
				A759BB9414FF734800E75CBB /* Foundation.framework in Frameworks */,
				A759BB9614FF734800E75CBB /* CoreGraphics.framework in Frameworks */,
			);
			runOnlyForDeploymentPostprocessing = 0;
		};
/* End PBXFrameworksBuildPhase section */

/* Begin PBXGroup section */
		A759BB8214FF734800E75CBB = {
			isa = PBXGroup;
			children = (
				A759BB9714FF734800E75CBB /* TGJSBridge */,
				A759BB9014FF734800E75CBB /* Frameworks */,
				A759BB8E14FF734800E75CBB /* Products */,
			);
			sourceTree = "<group>";
		};
		A759BB8E14FF734800E75CBB /* Products */ = {
			isa = PBXGroup;
			children = (
				A759BB8D14FF734800E75CBB /* TGJSBridge.app */,
			);
			name = Products;
			sourceTree = "<group>";
		};
		A759BB9014FF734800E75CBB /* Frameworks */ = {
			isa = PBXGroup;
			children = (
				A759BB9114FF734800E75CBB /* UIKit.framework */,
				A759BB9314FF734800E75CBB /* Foundation.framework */,
				A759BB9514FF734800E75CBB /* CoreGraphics.framework */,
			);
			name = Frameworks;
			sourceTree = "<group>";
		};
		A759BB9714FF734800E75CBB /* TGJSBridge */ = {
			isa = PBXGroup;
			children = (
				A7F21EA7164D411B0069C8D8 /* TGJSBridge */,
				A7FF399C15B6E9B3002A5492 /* JSONKit */,
				A759BB9814FF734800E75CBB /* Supporting Files */,
				A759BBD914FF7E8B00E75CBB /* test.html */,
				A759BBA014FF734800E75CBB /* TGAppDelegate.h */,
				A759BBA114FF734800E75CBB /* TGAppDelegate.m */,
			);
			path = TGJSBridge;
			sourceTree = "<group>";
		};
		A759BB9814FF734800E75CBB /* Supporting Files */ = {
			isa = PBXGroup;
			children = (
				A759BB9914FF734800E75CBB /* TGJSBridge-Info.plist */,
				A759BB9A14FF734800E75CBB /* InfoPlist.strings */,
				A759BB9D14FF734800E75CBB /* main.m */,
				A759BB9F14FF734800E75CBB /* TGJSBridge-Prefix.pch */,
			);
			name = "Supporting Files";
			sourceTree = "<group>";
		};
		A7F21EA7164D411B0069C8D8 /* TGJSBridge */ = {
			isa = PBXGroup;
			children = (
				A7F21EA8164D411B0069C8D8 /* TGJSBridge.bundle */,
				A7F21EA9164D411B0069C8D8 /* TGJSBridge.h */,
				A7F21EAA164D411B0069C8D8 /* TGJSBridge.m */,
			);
			name = TGJSBridge;
			path = ../../TGJSBridge;
			sourceTree = "<group>";
		};
		A7FF399C15B6E9B3002A5492 /* JSONKit */ = {
			isa = PBXGroup;
			children = (
				A7FF399D15B6E9B3002A5492 /* JSONKit.h */,
				A7FF399E15B6E9B3002A5492 /* JSONKit.m */,
			);
			path = JSONKit;
			sourceTree = "<group>";
		};
/* End PBXGroup section */

/* Begin PBXNativeTarget section */
		A759BB8C14FF734800E75CBB /* TGJSBridge */ = {
			isa = PBXNativeTarget;
			buildConfigurationList = A759BBAE14FF734800E75CBB /* Build configuration list for PBXNativeTarget "TGJSBridge" */;
			buildPhases = (
				A759BB8914FF734800E75CBB /* Sources */,
				A759BB8A14FF734800E75CBB /* Frameworks */,
				A759BB8B14FF734800E75CBB /* Resources */,
			);
			buildRules = (
			);
			dependencies = (
			);
			name = TGJSBridge;
			productName = TGJSBridge;
			productReference = A759BB8D14FF734800E75CBB /* TGJSBridge.app */;
			productType = "com.apple.product-type.application";
		};
/* End PBXNativeTarget section */

/* Begin PBXProject section */
		A759BB8414FF734800E75CBB /* Project object */ = {
			isa = PBXProject;
			attributes = {
				CLASSPREFIX = TG;
				LastUpgradeCheck = 0430;
			};
			buildConfigurationList = A759BB8714FF734800E75CBB /* Build configuration list for PBXProject "TGJSBridge" */;
			compatibilityVersion = "Xcode 3.2";
			developmentRegion = English;
			hasScannedForEncodings = 0;
			knownRegions = (
				en,
			);
			mainGroup = A759BB8214FF734800E75CBB;
			productRefGroup = A759BB8E14FF734800E75CBB /* Products */;
			projectDirPath = "";
			projectRoot = "";
			targets = (
				A759BB8C14FF734800E75CBB /* TGJSBridge */,
			);
		};
/* End PBXProject section */

/* Begin PBXResourcesBuildPhase section */
		A759BB8B14FF734800E75CBB /* Resources */ = {
			isa = PBXResourcesBuildPhase;
			buildActionMask = 2147483647;
			files = (
				A759BB9C14FF734800E75CBB /* InfoPlist.strings in Resources */,
				A759BBDA14FF7E8B00E75CBB /* test.html in Resources */,
				A7F21EAB164D411B0069C8D8 /* TGJSBridge.bundle in Resources */,
			);
			runOnlyForDeploymentPostprocessing = 0;
		};
/* End PBXResourcesBuildPhase section */

/* Begin PBXSourcesBuildPhase section */
		A759BB8914FF734800E75CBB /* Sources */ = {
			isa = PBXSourcesBuildPhase;
			buildActionMask = 2147483647;
			files = (
				A759BB9E14FF734800E75CBB /* main.m in Sources */,
				A759BBA214FF734800E75CBB /* TGAppDelegate.m in Sources */,
				A7FF399F15B6E9B3002A5492 /* JSONKit.m in Sources */,
				A7F21EAC164D411B0069C8D8 /* TGJSBridge.m in Sources */,
			);
			runOnlyForDeploymentPostprocessing = 0;
		};
/* End PBXSourcesBuildPhase section */

/* Begin PBXVariantGroup section */
		A759BB9A14FF734800E75CBB /* InfoPlist.strings */ = {
			isa = PBXVariantGroup;
			children = (
				A759BB9B14FF734800E75CBB /* en */,
			);
			name = InfoPlist.strings;
			sourceTree = "<group>";
		};
/* End PBXVariantGroup section */

/* Begin XCBuildConfiguration section */
		A759BBAC14FF734800E75CBB /* Debug */ = {
			isa = XCBuildConfiguration;
			buildSettings = {
				ALWAYS_SEARCH_USER_PATHS = NO;
				ARCHS = "$(ARCHS_STANDARD_32_BIT)";
				"CODE_SIGN_IDENTITY[sdk=iphoneos*]" = "iPhone Developer";
				COPY_PHASE_STRIP = NO;
				GCC_C_LANGUAGE_STANDARD = gnu99;
				GCC_DYNAMIC_NO_PIC = NO;
				GCC_OPTIMIZATION_LEVEL = 0;
				GCC_PREPROCESSOR_DEFINITIONS = (
					"DEBUG=1",
					"$(inherited)",
				);
				GCC_SYMBOLS_PRIVATE_EXTERN = NO;
				GCC_VERSION = com.apple.compilers.llvm.clang.1_0;
				GCC_WARN_ABOUT_RETURN_TYPE = YES;
				GCC_WARN_UNINITIALIZED_AUTOS = YES;
				GCC_WARN_UNUSED_VARIABLE = YES;
				IPHONEOS_DEPLOYMENT_TARGET = 5.0;
				SDKROOT = iphoneos;
				TARGETED_DEVICE_FAMILY = "1,2";
			};
			name = Debug;
		};
		A759BBAD14FF734800E75CBB /* Release */ = {
			isa = XCBuildConfiguration;
			buildSettings = {
				ALWAYS_SEARCH_USER_PATHS = NO;
				ARCHS = "$(ARCHS_STANDARD_32_BIT)";
				"CODE_SIGN_IDENTITY[sdk=iphoneos*]" = "iPhone Developer";
				COPY_PHASE_STRIP = YES;
				GCC_C_LANGUAGE_STANDARD = gnu99;
				GCC_VERSION = com.apple.compilers.llvm.clang.1_0;
				GCC_WARN_ABOUT_RETURN_TYPE = YES;
				GCC_WARN_UNINITIALIZED_AUTOS = YES;
				GCC_WARN_UNUSED_VARIABLE = YES;
				IPHONEOS_DEPLOYMENT_TARGET = 5.0;
				OTHER_CFLAGS = "-DNS_BLOCK_ASSERTIONS=1";
				SDKROOT = iphoneos;
				TARGETED_DEVICE_FAMILY = "1,2";
				VALIDATE_PRODUCT = YES;
			};
			name = Release;
		};
		A759BBAF14FF734800E75CBB /* Debug */ = {
			isa = XCBuildConfiguration;
			buildSettings = {
				ALWAYS_SEARCH_USER_PATHS = NO;
				GCC_PRECOMPILE_PREFIX_HEADER = YES;
				GCC_PREFIX_HEADER = "TGJSBridge/TGJSBridge-Prefix.pch";
				INFOPLIST_FILE = "TGJSBridge/TGJSBridge-Info.plist";
				IPHONEOS_DEPLOYMENT_TARGET = 5.0;
				PRODUCT_NAME = "$(TARGET_NAME)";
				TARGETED_DEVICE_FAMILY = "1,2";
				WRAPPER_EXTENSION = app;
			};
			name = Debug;
		};
		A759BBB014FF734800E75CBB /* Release */ = {
			isa = XCBuildConfiguration;
			buildSettings = {
				ALWAYS_SEARCH_USER_PATHS = NO;
				GCC_PRECOMPILE_PREFIX_HEADER = YES;
				GCC_PREFIX_HEADER = "TGJSBridge/TGJSBridge-Prefix.pch";
				INFOPLIST_FILE = "TGJSBridge/TGJSBridge-Info.plist";
				IPHONEOS_DEPLOYMENT_TARGET = 5.0;
				PRODUCT_NAME = "$(TARGET_NAME)";
				TARGETED_DEVICE_FAMILY = "1,2";
				WRAPPER_EXTENSION = app;
			};
			name = Release;
		};
/* End XCBuildConfiguration section */

/* Begin XCConfigurationList section */
		A759BB8714FF734800E75CBB /* Build configuration list for PBXProject "TGJSBridge" */ = {
			isa = XCConfigurationList;
			buildConfigurations = (
				A759BBAC14FF734800E75CBB /* Debug */,
				A759BBAD14FF734800E75CBB /* Release */,
			);
			defaultConfigurationIsVisible = 0;
			defaultConfigurationName = Release;
		};
		A759BBAE14FF734800E75CBB /* Build configuration list for PBXNativeTarget "TGJSBridge" */ = {
			isa = XCConfigurationList;
			buildConfigurations = (
				A759BBAF14FF734800E75CBB /* Debug */,
				A759BBB014FF734800E75CBB /* Release */,
			);
			defaultConfigurationIsVisible = 0;
			defaultConfigurationName = Release;
		};
/* End XCConfigurationList section */
	};
	rootObject = A759BB8414FF734800E75CBB /* Project object */;
}
